
Microsoft Visual Studio Solution File, Format Version 12.00
# Visual Studio 15
VisualStudioVersion = 15.0.27428.2005
MinimumVisualStudioVersion = 10.0.40219.1
Project("{9A19103F-16F7-4668-BE54-9A1E7A4F7556}") = "zadania", "zadania\zadania.csproj", "{EB1C22D5-6C48-444F-BCB3-6B968C100310}"
EndProject
Project("{9A19103F-16F7-4668-BE54-9A1E7A4F7556}") = "pole kuli", "pole kuli\pole kuli.csproj", "{2E3ACF86-0374-4446-954B-1BCFD72CB786}"
EndProject
Project("{9A19103F-16F7-4668-BE54-9A1E7A4F7556}") = "dzielenie", "dzielenie\dzielenie.csproj", "{B7CE0A00-6985-4B9D-8255-1490B892EA87}"
EndProject
Project("{9A19103F-16F7-4668-BE54-9A1E7A4F7556}") = "2.1", "2.1\2.1.csproj", "{3E308838-0E49-4907-9BE2-A3A5AA36BE23}"
EndProject
Project("{9A19103F-16F7-4668-BE54-9A1E7A4F7556}") = "2.2", "2.2\2.2.csproj", "{6F81E64B-6F24-45C4-9C83-B255E5B41B32}"
EndProject
Project("{9A19103F-16F7-4668-BE54-9A1E7A4F7556}") = "2.3", "2.3\2.3.csproj", "{0D0A0574-6458-46B6-B9AF-E4D8BDFEA0E8}"
EndProject
Project("{9A19103F-16F7-4668-BE54-9A1E7A4F7556}") = "2.4", "2.4\2.4.csproj", "{30BA67FA-E11C-44AC-9015-6A9F608B5CCA}"
EndProject
Project("{9A19103F-16F7-4668-BE54-9A1E7A4F7556}") = "2.5", "2.5\2.5.csproj", "{C39B3861-6CB0-4F93-86DD-A1FC20796B8E}"
EndProject
Project("{9A19103F-16F7-4668-BE54-9A1E7A4F7556}") = "3.2", "3.2\3.2.csproj", "{920E253C-A584-4DEB-82CA-005957930277}"
EndProject
Project("{9A19103F-16F7-4668-BE54-9A1E7A4F7556}") = "3.7", "3.7\3.7.csproj", "{C2385461-65ED-47A4-A870-212E0FEF3752}"
EndProject
Project("{9A19103F-16F7-4668-BE54-9A1E7A4F7556}") = "3.10", "3.10\3.10.csproj", "{0C915752-8FF7-4DC4-A3BB-F8551C78F4C6}"
EndProject
Project("{9A19103F-16F7-4668-BE54-9A1E7A4F7556}") = "3.13", "3.13\3.13.csproj", "{21C5DED5-609F-49C2-B868-DF35A6E3671F}"
EndProject
Project("{9A19103F-16F7-4668-BE54-9A1E7A4F7556}") = "3.16", "3.16\3.16.csproj", "{B5C0F651-7A5F-4E06-9877-F85BB89A7CC4}"
EndProject
Project("{9A19103F-16F7-4668-BE54-9A1E7A4F7556}") = "3.21", "3.21\3.21.csproj", "{1F6CAC95-B996-44DD-9799-5F6B4328F3D1}"
EndProject
Project("{9A19103F-16F7-4668-BE54-9A1E7A4F7556}") = "3.23", "3.23\3.23.csproj", "{941F4D9A-911D-45BD-962D-076D5E4606DC}"
EndProject
Project("{9A19103F-16F7-4668-BE54-9A1E7A4F7556}") = "3.25", "3.25\3.25.csproj", "{491F0DAC-3ECC-4CE5-A5A1-D63AA4D033AE}"
EndProject
Project("{9A19103F-16F7-4668-BE54-9A1E7A4F7556}") = "3.26", "3.26\3.26.csproj", "{289AD966-743A-43E1-A804-8C0DF69DFF1A}"
EndProject
Project("{9A19103F-16F7-4668-BE54-9A1E7A4F7556}") = "3.28", "3.28\3.28.csproj", "{F6CAA669-253D-453A-B380-5AFB1CDB397B}"
EndProject
Project("{9A19103F-16F7-4668-BE54-9A1E7A4F7556}") = "4.3", "4.3\4.3.csproj", "{1A2B41F0-84E9-4899-B69B-AFCAE66F8914}"
EndProject
Project("{9A19103F-16F7-4668-BE54-9A1E7A4F7556}") = "4.4", "4.4\4.4.csproj", "{AB3A7450-4EB6-445F-8783-FE40343BFA6A}"
EndProject
Project("{9A19103F-16F7-4668-BE54-9A1E7A4F7556}") = "4.5", "4.5\4.5.csproj", "{A817B962-F79F-4942-A0E3-C28253C12582}"
EndProject
Project("{9A19103F-16F7-4668-BE54-9A1E7A4F7556}") = "4.6", "4.6\4.6.csproj", "{7E282CBB-894A-48A9-91FC-8A94606FA350}"
EndProject
Project("{9A19103F-16F7-4668-BE54-9A1E7A4F7556}") = "4.7", "4.7\4.7.csproj", "{D19982EF-9863-48CE-852B-23C7AD5D2514}"
EndProject
Project("{9A19103F-16F7-4668-BE54-9A1E7A4F7556}") = "4.8", "4.8\4.8.csproj", "{D3DB64E5-D204-41AB-886E-52DA9193B555}"
EndProject
Project("{9A19103F-16F7-4668-BE54-9A1E7A4F7556}") = "4.9", "4.9\4.9.csproj", "{48B3AAB8-9ED7-413A-BEC0-91B699091782}"
EndProject
Project("{9A19103F-16F7-4668-BE54-9A1E7A4F7556}") = "4.10", "4.10\4.10.csproj", "{78526A95-68BA-4D2B-A0A6-FCEE756AFCA2}"
EndProject
Project("{9A19103F-16F7-4668-BE54-9A1E7A4F7556}") = "4.11", "4.11\4.11.csproj", "{8F9EB6AE-39CC-4F7D-8A8D-B1DA5AAA5868}"
EndProject
Project("{9A19103F-16F7-4668-BE54-9A1E7A4F7556}") = "4.12", "4.12\4.12.csproj", "{6473C364-D21A-4F6C-973E-D01AD1E53EE4}"
EndProject
Project("{9A19103F-16F7-4668-BE54-9A1E7A4F7556}") = "4.13", "4.13\4.13.csproj", "{6E8B4C68-8253-4649-80A9-B53DE23379DB}"
EndProject
Project("{9A19103F-16F7-4668-BE54-9A1E7A4F7556}") = "4.14", "4.14\4.14.csproj", "{0FFBD5C0-C8E6-42B8-ABA7-F2AA90EDC674}"
EndProject
Project("{9A19103F-16F7-4668-BE54-9A1E7A4F7556}") = "5.01", "5.01\5.01.csproj", "{AE397AC1-3937-4BE4-A28E-6E2DA525D069}"
EndProject
Project("{9A19103F-16F7-4668-BE54-9A1E7A4F7556}") = "5.02", "5.02\5.02.csproj", "{2229826E-BFB6-42D5-9739-44FBA2F83298}"
EndProject
Project("{9A19103F-16F7-4668-BE54-9A1E7A4F7556}") = "5.03", "5.03\5.03.csproj", "{521ECAA1-5909-4CC8-AB13-E580D9B8EAAB}"
EndProject
Project("{9A19103F-16F7-4668-BE54-9A1E7A4F7556}") = "5.04", "5.04\5.04.csproj", "{E6F04371-27A5-449A-90DF-3508EF068F3A}"
EndProject
Project("{9A19103F-16F7-4668-BE54-9A1E7A4F7556}") = "5.05", "5.05\5.05.csproj", "{1B5312E9-7AD5-4807-B04E-7B5720144D05}"
EndProject
Project("{9A19103F-16F7-4668-BE54-9A1E7A4F7556}") = "5.06", "5.06\5.06.csproj", "{FF6DDA77-286F-426F-AB10-766A3324C57F}"
EndProject
Project("{9A19103F-16F7-4668-BE54-9A1E7A4F7556}") = "5.07", "5.07\5.07.csproj", "{F64EB727-A942-4FD1-B08B-121030A06EAC}"
EndProject
Project("{9A19103F-16F7-4668-BE54-9A1E7A4F7556}") = "6.1", "6.1\6.1.csproj", "{59EDA4E0-F522-4C29-86A0-0B1EBB90A895}"
EndProject
Project("{9A19103F-16F7-4668-BE54-9A1E7A4F7556}") = "6.2", "6.2\6.2.csproj", "{76CC0F78-0E40-4556-A9A9-489EA33E942A}"
EndProject
Project("{FAE04EC0-301F-11D3-BF4B-00C04F79EFBC}") = "6.3", "6.3\6.3.csproj", "{C59C0EBB-AE48-41DC-9D72-9FEFFF94155B}"
EndProject
Global
	GlobalSection(SolutionConfigurationPlatforms) = preSolution
		Debug|Any CPU = Debug|Any CPU
		Release|Any CPU = Release|Any CPU
	EndGlobalSection
	GlobalSection(ProjectConfigurationPlatforms) = postSolution
		{EB1C22D5-6C48-444F-BCB3-6B968C100310}.Debug|Any CPU.ActiveCfg = Debug|Any CPU
		{EB1C22D5-6C48-444F-BCB3-6B968C100310}.Debug|Any CPU.Build.0 = Debug|Any CPU
		{EB1C22D5-6C48-444F-BCB3-6B968C100310}.Release|Any CPU.ActiveCfg = Release|Any CPU
		{EB1C22D5-6C48-444F-BCB3-6B968C100310}.Release|Any CPU.Build.0 = Release|Any CPU
		{2E3ACF86-0374-4446-954B-1BCFD72CB786}.Debug|Any CPU.ActiveCfg = Debug|Any CPU
		{2E3ACF86-0374-4446-954B-1BCFD72CB786}.Debug|Any CPU.Build.0 = Debug|Any CPU
		{2E3ACF86-0374-4446-954B-1BCFD72CB786}.Release|Any CPU.ActiveCfg = Release|Any CPU
		{2E3ACF86-0374-4446-954B-1BCFD72CB786}.Release|Any CPU.Build.0 = Release|Any CPU
		{B7CE0A00-6985-4B9D-8255-1490B892EA87}.Debug|Any CPU.ActiveCfg = Debug|Any CPU
		{B7CE0A00-6985-4B9D-8255-1490B892EA87}.Debug|Any CPU.Build.0 = Debug|Any CPU
		{B7CE0A00-6985-4B9D-8255-1490B892EA87}.Release|Any CPU.ActiveCfg = Release|Any CPU
		{B7CE0A00-6985-4B9D-8255-1490B892EA87}.Release|Any CPU.Build.0 = Release|Any CPU
		{3E308838-0E49-4907-9BE2-A3A5AA36BE23}.Debug|Any CPU.ActiveCfg = Debug|Any CPU
		{3E308838-0E49-4907-9BE2-A3A5AA36BE23}.Debug|Any CPU.Build.0 = Debug|Any CPU
		{3E308838-0E49-4907-9BE2-A3A5AA36BE23}.Release|Any CPU.ActiveCfg = Release|Any CPU
		{3E308838-0E49-4907-9BE2-A3A5AA36BE23}.Release|Any CPU.Build.0 = Release|Any CPU
		{6F81E64B-6F24-45C4-9C83-B255E5B41B32}.Debug|Any CPU.ActiveCfg = Debug|Any CPU
		{6F81E64B-6F24-45C4-9C83-B255E5B41B32}.Debug|Any CPU.Build.0 = Debug|Any CPU
		{6F81E64B-6F24-45C4-9C83-B255E5B41B32}.Release|Any CPU.ActiveCfg = Release|Any CPU
		{6F81E64B-6F24-45C4-9C83-B255E5B41B32}.Release|Any CPU.Build.0 = Release|Any CPU
		{0D0A0574-6458-46B6-B9AF-E4D8BDFEA0E8}.Debug|Any CPU.ActiveCfg = Debug|Any CPU
		{0D0A0574-6458-46B6-B9AF-E4D8BDFEA0E8}.Debug|Any CPU.Build.0 = Debug|Any CPU
		{0D0A0574-6458-46B6-B9AF-E4D8BDFEA0E8}.Release|Any CPU.ActiveCfg = Release|Any CPU
		{0D0A0574-6458-46B6-B9AF-E4D8BDFEA0E8}.Release|Any CPU.Build.0 = Release|Any CPU
		{30BA67FA-E11C-44AC-9015-6A9F608B5CCA}.Debug|Any CPU.ActiveCfg = Debug|Any CPU
		{30BA67FA-E11C-44AC-9015-6A9F608B5CCA}.Debug|Any CPU.Build.0 = Debug|Any CPU
		{30BA67FA-E11C-44AC-9015-6A9F608B5CCA}.Release|Any CPU.ActiveCfg = Release|Any CPU
		{30BA67FA-E11C-44AC-9015-6A9F608B5CCA}.Release|Any CPU.Build.0 = Release|Any CPU
		{C39B3861-6CB0-4F93-86DD-A1FC20796B8E}.Debug|Any CPU.ActiveCfg = Debug|Any CPU
		{C39B3861-6CB0-4F93-86DD-A1FC20796B8E}.Debug|Any CPU.Build.0 = Debug|Any CPU
		{C39B3861-6CB0-4F93-86DD-A1FC20796B8E}.Release|Any CPU.ActiveCfg = Release|Any CPU
		{C39B3861-6CB0-4F93-86DD-A1FC20796B8E}.Release|Any CPU.Build.0 = Release|Any CPU
		{920E253C-A584-4DEB-82CA-005957930277}.Debug|Any CPU.ActiveCfg = Debug|Any CPU
		{920E253C-A584-4DEB-82CA-005957930277}.Debug|Any CPU.Build.0 = Debug|Any CPU
		{920E253C-A584-4DEB-82CA-005957930277}.Release|Any CPU.ActiveCfg = Release|Any CPU
		{920E253C-A584-4DEB-82CA-005957930277}.Release|Any CPU.Build.0 = Release|Any CPU
		{C2385461-65ED-47A4-A870-212E0FEF3752}.Debug|Any CPU.ActiveCfg = Debug|Any CPU
		{C2385461-65ED-47A4-A870-212E0FEF3752}.Debug|Any CPU.Build.0 = Debug|Any CPU
		{C2385461-65ED-47A4-A870-212E0FEF3752}.Release|Any CPU.ActiveCfg = Release|Any CPU
		{C2385461-65ED-47A4-A870-212E0FEF3752}.Release|Any CPU.Build.0 = Release|Any CPU
		{0C915752-8FF7-4DC4-A3BB-F8551C78F4C6}.Debug|Any CPU.ActiveCfg = Debug|Any CPU
		{0C915752-8FF7-4DC4-A3BB-F8551C78F4C6}.Debug|Any CPU.Build.0 = Debug|Any CPU
		{0C915752-8FF7-4DC4-A3BB-F8551C78F4C6}.Release|Any CPU.ActiveCfg = Release|Any CPU
		{0C915752-8FF7-4DC4-A3BB-F8551C78F4C6}.Release|Any CPU.Build.0 = Release|Any CPU
		{21C5DED5-609F-49C2-B868-DF35A6E3671F}.Debug|Any CPU.ActiveCfg = Debug|Any CPU
		{21C5DED5-609F-49C2-B868-DF35A6E3671F}.Debug|Any CPU.Build.0 = Debug|Any CPU
		{21C5DED5-609F-49C2-B868-DF35A6E3671F}.Release|Any CPU.ActiveCfg = Release|Any CPU
		{21C5DED5-609F-49C2-B868-DF35A6E3671F}.Release|Any CPU.Build.0 = Release|Any CPU
		{B5C0F651-7A5F-4E06-9877-F85BB89A7CC4}.Debug|Any CPU.ActiveCfg = Debug|Any CPU
		{B5C0F651-7A5F-4E06-9877-F85BB89A7CC4}.Debug|Any CPU.Build.0 = Debug|Any CPU
		{B5C0F651-7A5F-4E06-9877-F85BB89A7CC4}.Release|Any CPU.ActiveCfg = Release|Any CPU
		{B5C0F651-7A5F-4E06-9877-F85BB89A7CC4}.Release|Any CPU.Build.0 = Release|Any CPU
		{1F6CAC95-B996-44DD-9799-5F6B4328F3D1}.Debug|Any CPU.ActiveCfg = Debug|Any CPU
		{1F6CAC95-B996-44DD-9799-5F6B4328F3D1}.Debug|Any CPU.Build.0 = Debug|Any CPU
		{1F6CAC95-B996-44DD-9799-5F6B4328F3D1}.Release|Any CPU.ActiveCfg = Release|Any CPU
		{1F6CAC95-B996-44DD-9799-5F6B4328F3D1}.Release|Any CPU.Build.0 = Release|Any CPU
		{941F4D9A-911D-45BD-962D-076D5E4606DC}.Debug|Any CPU.ActiveCfg = Debug|Any CPU
		{941F4D9A-911D-45BD-962D-076D5E4606DC}.Debug|Any CPU.Build.0 = Debug|Any CPU
		{941F4D9A-911D-45BD-962D-076D5E4606DC}.Release|Any CPU.ActiveCfg = Release|Any CPU
		{941F4D9A-911D-45BD-962D-076D5E4606DC}.Release|Any CPU.Build.0 = Release|Any CPU
		{491F0DAC-3ECC-4CE5-A5A1-D63AA4D033AE}.Debug|Any CPU.ActiveCfg = Debug|Any CPU
		{491F0DAC-3ECC-4CE5-A5A1-D63AA4D033AE}.Debug|Any CPU.Build.0 = Debug|Any CPU
		{491F0DAC-3ECC-4CE5-A5A1-D63AA4D033AE}.Release|Any CPU.ActiveCfg = Release|Any CPU
		{491F0DAC-3ECC-4CE5-A5A1-D63AA4D033AE}.Release|Any CPU.Build.0 = Release|Any CPU
		{289AD966-743A-43E1-A804-8C0DF69DFF1A}.Debug|Any CPU.ActiveCfg = Debug|Any CPU
		{289AD966-743A-43E1-A804-8C0DF69DFF1A}.Debug|Any CPU.Build.0 = Debug|Any CPU
		{289AD966-743A-43E1-A804-8C0DF69DFF1A}.Release|Any CPU.ActiveCfg = Release|Any CPU
		{289AD966-743A-43E1-A804-8C0DF69DFF1A}.Release|Any CPU.Build.0 = Release|Any CPU
		{F6CAA669-253D-453A-B380-5AFB1CDB397B}.Debug|Any CPU.ActiveCfg = Debug|Any CPU
		{F6CAA669-253D-453A-B380-5AFB1CDB397B}.Debug|Any CPU.Build.0 = Debug|Any CPU
		{F6CAA669-253D-453A-B380-5AFB1CDB397B}.Release|Any CPU.ActiveCfg = Release|Any CPU
		{F6CAA669-253D-453A-B380-5AFB1CDB397B}.Release|Any CPU.Build.0 = Release|Any CPU
		{1A2B41F0-84E9-4899-B69B-AFCAE66F8914}.Debug|Any CPU.ActiveCfg = Debug|Any CPU
		{1A2B41F0-84E9-4899-B69B-AFCAE66F8914}.Debug|Any CPU.Build.0 = Debug|Any CPU
		{1A2B41F0-84E9-4899-B69B-AFCAE66F8914}.Release|Any CPU.ActiveCfg = Release|Any CPU
		{1A2B41F0-84E9-4899-B69B-AFCAE66F8914}.Release|Any CPU.Build.0 = Release|Any CPU
		{AB3A7450-4EB6-445F-8783-FE40343BFA6A}.Debug|Any CPU.ActiveCfg = Debug|Any CPU
		{AB3A7450-4EB6-445F-8783-FE40343BFA6A}.Debug|Any CPU.Build.0 = Debug|Any CPU
		{AB3A7450-4EB6-445F-8783-FE40343BFA6A}.Release|Any CPU.ActiveCfg = Release|Any CPU
		{AB3A7450-4EB6-445F-8783-FE40343BFA6A}.Release|Any CPU.Build.0 = Release|Any CPU
		{A817B962-F79F-4942-A0E3-C28253C12582}.Debug|Any CPU.ActiveCfg = Debug|Any CPU
		{A817B962-F79F-4942-A0E3-C28253C12582}.Debug|Any CPU.Build.0 = Debug|Any CPU
		{A817B962-F79F-4942-A0E3-C28253C12582}.Release|Any CPU.ActiveCfg = Release|Any CPU
		{A817B962-F79F-4942-A0E3-C28253C12582}.Release|Any CPU.Build.0 = Release|Any CPU
		{7E282CBB-894A-48A9-91FC-8A94606FA350}.Debug|Any CPU.ActiveCfg = Debug|Any CPU
		{7E282CBB-894A-48A9-91FC-8A94606FA350}.Debug|Any CPU.Build.0 = Debug|Any CPU
		{7E282CBB-894A-48A9-91FC-8A94606FA350}.Release|Any CPU.ActiveCfg = Release|Any CPU
		{7E282CBB-894A-48A9-91FC-8A94606FA350}.Release|Any CPU.Build.0 = Release|Any CPU
		{D19982EF-9863-48CE-852B-23C7AD5D2514}.Debug|Any CPU.ActiveCfg = Debug|Any CPU
		{D19982EF-9863-48CE-852B-23C7AD5D2514}.Debug|Any CPU.Build.0 = Debug|Any CPU
		{D19982EF-9863-48CE-852B-23C7AD5D2514}.Release|Any CPU.ActiveCfg = Release|Any CPU
		{D19982EF-9863-48CE-852B-23C7AD5D2514}.Release|Any CPU.Build.0 = Release|Any CPU
		{D3DB64E5-D204-41AB-886E-52DA9193B555}.Debug|Any CPU.ActiveCfg = Debug|Any CPU
		{D3DB64E5-D204-41AB-886E-52DA9193B555}.Debug|Any CPU.Build.0 = Debug|Any CPU
		{D3DB64E5-D204-41AB-886E-52DA9193B555}.Release|Any CPU.ActiveCfg = Release|Any CPU
		{D3DB64E5-D204-41AB-886E-52DA9193B555}.Release|Any CPU.Build.0 = Release|Any CPU
		{48B3AAB8-9ED7-413A-BEC0-91B699091782}.Debug|Any CPU.ActiveCfg = Debug|Any CPU
		{48B3AAB8-9ED7-413A-BEC0-91B699091782}.Debug|Any CPU.Build.0 = Debug|Any CPU
		{48B3AAB8-9ED7-413A-BEC0-91B699091782}.Release|Any CPU.ActiveCfg = Release|Any CPU
		{48B3AAB8-9ED7-413A-BEC0-91B699091782}.Release|Any CPU.Build.0 = Release|Any CPU
		{78526A95-68BA-4D2B-A0A6-FCEE756AFCA2}.Debug|Any CPU.ActiveCfg = Debug|Any CPU
		{78526A95-68BA-4D2B-A0A6-FCEE756AFCA2}.Debug|Any CPU.Build.0 = Debug|Any CPU
		{78526A95-68BA-4D2B-A0A6-FCEE756AFCA2}.Release|Any CPU.ActiveCfg = Release|Any CPU
		{78526A95-68BA-4D2B-A0A6-FCEE756AFCA2}.Release|Any CPU.Build.0 = Release|Any CPU
		{8F9EB6AE-39CC-4F7D-8A8D-B1DA5AAA5868}.Debug|Any CPU.ActiveCfg = Debug|Any CPU
		{8F9EB6AE-39CC-4F7D-8A8D-B1DA5AAA5868}.Debug|Any CPU.Build.0 = Debug|Any CPU
		{8F9EB6AE-39CC-4F7D-8A8D-B1DA5AAA5868}.Release|Any CPU.ActiveCfg = Release|Any CPU
		{8F9EB6AE-39CC-4F7D-8A8D-B1DA5AAA5868}.Release|Any CPU.Build.0 = Release|Any CPU
		{6473C364-D21A-4F6C-973E-D01AD1E53EE4}.Debug|Any CPU.ActiveCfg = Debug|Any CPU
		{6473C364-D21A-4F6C-973E-D01AD1E53EE4}.Debug|Any CPU.Build.0 = Debug|Any CPU
		{6473C364-D21A-4F6C-973E-D01AD1E53EE4}.Release|Any CPU.ActiveCfg = Release|Any CPU
		{6473C364-D21A-4F6C-973E-D01AD1E53EE4}.Release|Any CPU.Build.0 = Release|Any CPU
		{6E8B4C68-8253-4649-80A9-B53DE23379DB}.Debug|Any CPU.ActiveCfg = Debug|Any CPU
		{6E8B4C68-8253-4649-80A9-B53DE23379DB}.Debug|Any CPU.Build.0 = Debug|Any CPU
		{6E8B4C68-8253-4649-80A9-B53DE23379DB}.Release|Any CPU.ActiveCfg = Release|Any CPU
		{6E8B4C68-8253-4649-80A9-B53DE23379DB}.Release|Any CPU.Build.0 = Release|Any CPU
		{0FFBD5C0-C8E6-42B8-ABA7-F2AA90EDC674}.Debug|Any CPU.ActiveCfg = Debug|Any CPU
		{0FFBD5C0-C8E6-42B8-ABA7-F2AA90EDC674}.Debug|Any CPU.Build.0 = Debug|Any CPU
		{0FFBD5C0-C8E6-42B8-ABA7-F2AA90EDC674}.Release|Any CPU.ActiveCfg = Release|Any CPU
		{0FFBD5C0-C8E6-42B8-ABA7-F2AA90EDC674}.Release|Any CPU.Build.0 = Release|Any CPU
		{AE397AC1-3937-4BE4-A28E-6E2DA525D069}.Debug|Any CPU.ActiveCfg = Debug|Any CPU
		{AE397AC1-3937-4BE4-A28E-6E2DA525D069}.Debug|Any CPU.Build.0 = Debug|Any CPU
		{AE397AC1-3937-4BE4-A28E-6E2DA525D069}.Release|Any CPU.ActiveCfg = Release|Any CPU
		{AE397AC1-3937-4BE4-A28E-6E2DA525D069}.Release|Any CPU.Build.0 = Release|Any CPU
		{2229826E-BFB6-42D5-9739-44FBA2F83298}.Debug|Any CPU.ActiveCfg = Debug|Any CPU
		{2229826E-BFB6-42D5-9739-44FBA2F83298}.Debug|Any CPU.Build.0 = Debug|Any CPU
		{2229826E-BFB6-42D5-9739-44FBA2F83298}.Release|Any CPU.ActiveCfg = Release|Any CPU
		{2229826E-BFB6-42D5-9739-44FBA2F83298}.Release|Any CPU.Build.0 = Release|Any CPU
		{521ECAA1-5909-4CC8-AB13-E580D9B8EAAB}.Debug|Any CPU.ActiveCfg = Debug|Any CPU
		{521ECAA1-5909-4CC8-AB13-E580D9B8EAAB}.Debug|Any CPU.Build.0 = Debug|Any CPU
		{521ECAA1-5909-4CC8-AB13-E580D9B8EAAB}.Release|Any CPU.ActiveCfg = Release|Any CPU
		{521ECAA1-5909-4CC8-AB13-E580D9B8EAAB}.Release|Any CPU.Build.0 = Release|Any CPU
		{E6F04371-27A5-449A-90DF-3508EF068F3A}.Debug|Any CPU.ActiveCfg = Debug|Any CPU
		{E6F04371-27A5-449A-90DF-3508EF068F3A}.Debug|Any CPU.Build.0 = Debug|Any CPU
		{E6F04371-27A5-449A-90DF-3508EF068F3A}.Release|Any CPU.ActiveCfg = Release|Any CPU
		{E6F04371-27A5-449A-90DF-3508EF068F3A}.Release|Any CPU.Build.0 = Release|Any CPU
		{1B5312E9-7AD5-4807-B04E-7B5720144D05}.Debug|Any CPU.ActiveCfg = Debug|Any CPU
		{1B5312E9-7AD5-4807-B04E-7B5720144D05}.Debug|Any CPU.Build.0 = Debug|Any CPU
		{1B5312E9-7AD5-4807-B04E-7B5720144D05}.Release|Any CPU.ActiveCfg = Release|Any CPU
		{1B5312E9-7AD5-4807-B04E-7B5720144D05}.Release|Any CPU.Build.0 = Release|Any CPU
		{FF6DDA77-286F-426F-AB10-766A3324C57F}.Debug|Any CPU.ActiveCfg = Debug|Any CPU
		{FF6DDA77-286F-426F-AB10-766A3324C57F}.Debug|Any CPU.Build.0 = Debug|Any CPU
		{FF6DDA77-286F-426F-AB10-766A3324C57F}.Release|Any CPU.ActiveCfg = Release|Any CPU
		{FF6DDA77-286F-426F-AB10-766A3324C57F}.Release|Any CPU.Build.0 = Release|Any CPU
		{F64EB727-A942-4FD1-B08B-121030A06EAC}.Debug|Any CPU.ActiveCfg = Debug|Any CPU
		{F64EB727-A942-4FD1-B08B-121030A06EAC}.Debug|Any CPU.Build.0 = Debug|Any CPU
		{F64EB727-A942-4FD1-B08B-121030A06EAC}.Release|Any CPU.ActiveCfg = Release|Any CPU
		{F64EB727-A942-4FD1-B08B-121030A06EAC}.Release|Any CPU.Build.0 = Release|Any CPU
		{59EDA4E0-F522-4C29-86A0-0B1EBB90A895}.Debug|Any CPU.ActiveCfg = Debug|Any CPU
		{59EDA4E0-F522-4C29-86A0-0B1EBB90A895}.Debug|Any CPU.Build.0 = Debug|Any CPU
		{59EDA4E0-F522-4C29-86A0-0B1EBB90A895}.Release|Any CPU.ActiveCfg = Release|Any CPU
		{59EDA4E0-F522-4C29-86A0-0B1EBB90A895}.Release|Any CPU.Build.0 = Release|Any CPU
		{76CC0F78-0E40-4556-A9A9-489EA33E942A}.Debug|Any CPU.ActiveCfg = Debug|Any CPU
		{76CC0F78-0E40-4556-A9A9-489EA33E942A}.Debug|Any CPU.Build.0 = Debug|Any CPU
		{76CC0F78-0E40-4556-A9A9-489EA33E942A}.Release|Any CPU.ActiveCfg = Release|Any CPU
		{76CC0F78-0E40-4556-A9A9-489EA33E942A}.Release|Any CPU.Build.0 = Release|Any CPU
		{C59C0EBB-AE48-41DC-9D72-9FEFFF94155B}.Debug|Any CPU.ActiveCfg = Debug|Any CPU
		{C59C0EBB-AE48-41DC-9D72-9FEFFF94155B}.Debug|Any CPU.Build.0 = Debug|Any CPU
		{C59C0EBB-AE48-41DC-9D72-9FEFFF94155B}.Release|Any CPU.ActiveCfg = Release|Any CPU
		{C59C0EBB-AE48-41DC-9D72-9FEFFF94155B}.Release|Any CPU.Build.0 = Release|Any CPU
	EndGlobalSection
	GlobalSection(SolutionProperties) = preSolution
		HideSolutionNode = FALSE
	EndGlobalSection
	GlobalSection(ExtensibilityGlobals) = postSolution
		SolutionGuid = {E1CEB857-BC56-43BD-806A-7CB3501A4B92}
	EndGlobalSection
EndGlobal
